
Microsoft Visual Studio Solution File, Format Version 12.00
# Visual Studio Version 17
VisualStudioVersion = 17.14.36603.0 d17.14
MinimumVisualStudioVersion = 10.0.40219.1
Project("{FAE04EC0-301F-11D3-BF4B-00C04F79EFBC}") = "Cashiering_Lloren_IT13", "Cashiering_Lloren_IT13\Cashiering_Lloren_IT13.csproj", "{A6D3659C-A13A-4F34-B9ED-87E11C72B81D}"
EndProject
Global
	GlobalSection(SolutionConfigurationPlatforms) = preSolution
		Debug|Any CPU = Debug|Any CPU
		Release|Any CPU = Release|Any CPU
	EndGlobalSection
	GlobalSection(ProjectConfigurationPlatforms) = postSolution
		{A6D3659C-A13A-4F34-B9ED-87E11C72B81D}.Debug|Any CPU.ActiveCfg = Debug|Any CPU
		{A6D3659C-A13A-4F34-B9ED-87E11C72B81D}.Debug|Any CPU.Build.0 = Debug|Any CPU
		{A6D3659C-A13A-4F34-B9ED-87E11C72B81D}.Release|Any CPU.ActiveCfg = Release|Any CPU
		{A6D3659C-A13A-4F34-B9ED-87E11C72B81D}.Release|Any CPU.Build.0 = Release|Any CPU
	EndGlobalSection
	GlobalSection(SolutionProperties) = preSolution
		HideSolutionNode = FALSE
	EndGlobalSection
	GlobalSection(ExtensibilityGlobals) = postSolution
		SolutionGuid = {AF97539D-2E67-48D9-A359-C39FCF82F2D3}
	EndGlobalSection
EndGlobal
